
Microsoft Visual Studio Solution File, Format Version 12.00
# Visual Studio Version 16
VisualStudioVersion = 16.0.31025.194
MinimumVisualStudioVersion = 10.0.40219.1
Project("{9A19103F-16F7-4668-BE54-9A1E7A4F7556}") = "Business", "Business\Business.csproj", "{20A247AB-7AC3-44B7-9413-B6EBC7BE9435}"
EndProject
Project("{9A19103F-16F7-4668-BE54-9A1E7A4F7556}") = "DataAccess", "DataAccess\DataAccess.csproj", "{45159B04-78AD-4828-A75E-D0964B4171C3}"
EndProject
Project("{9A19103F-16F7-4668-BE54-9A1E7A4F7556}") = "Entities", "Entities\Entities.csproj", "{757B9D67-3F66-48F3-8879-8C40939304EB}"
EndProject
Project("{9A19103F-16F7-4668-BE54-9A1E7A4F7556}") = "ConsoleUI", "ConsoleUI\ConsoleUI.csproj", "{F2291578-7501-467F-85B8-CD0C65351336}"
EndProject
Project("{FAE04EC0-301F-11D3-BF4B-00C04F79EFBC}") = "Core", "Core\Core.csproj", "{CDF18A68-5D7E-466F-816B-B1A948056E0B}"
EndProject
Global
	GlobalSection(SolutionConfigurationPlatforms) = preSolution
		Debug|Any CPU = Debug|Any CPU
		Release|Any CPU = Release|Any CPU
	EndGlobalSection
	GlobalSection(ProjectConfigurationPlatforms) = postSolution
		{20A247AB-7AC3-44B7-9413-B6EBC7BE9435}.Debug|Any CPU.ActiveCfg = Debug|Any CPU
		{20A247AB-7AC3-44B7-9413-B6EBC7BE9435}.Debug|Any CPU.Build.0 = Debug|Any CPU
		{20A247AB-7AC3-44B7-9413-B6EBC7BE9435}.Release|Any CPU.ActiveCfg = Release|Any CPU
		{20A247AB-7AC3-44B7-9413-B6EBC7BE9435}.Release|Any CPU.Build.0 = Release|Any CPU
		{45159B04-78AD-4828-A75E-D0964B4171C3}.Debug|Any CPU.ActiveCfg = Debug|Any CPU
		{45159B04-78AD-4828-A75E-D0964B4171C3}.Debug|Any CPU.Build.0 = Debug|Any CPU
		{45159B04-78AD-4828-A75E-D0964B4171C3}.Release|Any CPU.ActiveCfg = Release|Any CPU
		{45159B04-78AD-4828-A75E-D0964B4171C3}.Release|Any CPU.Build.0 = Release|Any CPU
		{757B9D67-3F66-48F3-8879-8C40939304EB}.Debug|Any CPU.ActiveCfg = Debug|Any CPU
		{757B9D67-3F66-48F3-8879-8C40939304EB}.Debug|Any CPU.Build.0 = Debug|Any CPU
		{757B9D67-3F66-48F3-8879-8C40939304EB}.Release|Any CPU.ActiveCfg = Release|Any CPU
		{757B9D67-3F66-48F3-8879-8C40939304EB}.Release|Any CPU.Build.0 = Release|Any CPU
		{F2291578-7501-467F-85B8-CD0C65351336}.Debug|Any CPU.ActiveCfg = Debug|Any CPU
		{F2291578-7501-467F-85B8-CD0C65351336}.Debug|Any CPU.Build.0 = Debug|Any CPU
		{F2291578-7501-467F-85B8-CD0C65351336}.Release|Any CPU.ActiveCfg = Release|Any CPU
		{F2291578-7501-467F-85B8-CD0C65351336}.Release|Any CPU.Build.0 = Release|Any CPU
		{CDF18A68-5D7E-466F-816B-B1A948056E0B}.Debug|Any CPU.ActiveCfg = Debug|Any CPU
		{CDF18A68-5D7E-466F-816B-B1A948056E0B}.Debug|Any CPU.Build.0 = Debug|Any CPU
		{CDF18A68-5D7E-466F-816B-B1A948056E0B}.Release|Any CPU.ActiveCfg = Release|Any CPU
		{CDF18A68-5D7E-466F-816B-B1A948056E0B}.Release|Any CPU.Build.0 = Release|Any CPU
	EndGlobalSection
	GlobalSection(SolutionProperties) = preSolution
		HideSolutionNode = FALSE
	EndGlobalSection
	GlobalSection(ExtensibilityGlobals) = postSolution
		SolutionGuid = {9AD2DCA2-C08A-458E-88BC-30DC8D6EB7AB}
	EndGlobalSection
EndGlobal
